
Microsoft Visual Studio Solution File, Format Version 12.00
# Visual Studio 16
Project("{FAE04EC0-301F-11D3-BF4B-00C04F79EFBC}") = "Assembly-CSharp", "Assembly-CSharp.csproj", "{3AC5A225-FADB-DE99-1E9A-BF46D97B88EE}"
EndProject
Global
	GlobalSection(SolutionConfigurationPlatforms) = preSolution
		Debug|Any CPU = Debug|Any CPU
		Release|Any CPU = Release|Any CPU
	EndGlobalSection
	GlobalSection(ProjectConfigurationPlatforms) = postSolution
		{3AC5A225-FADB-DE99-1E9A-BF46D97B88EE}.Debug|Any CPU.ActiveCfg = Debug|Any CPU
		{3AC5A225-FADB-DE99-1E9A-BF46D97B88EE}.Debug|Any CPU.Build.0 = Debug|Any CPU
		{3AC5A225-FADB-DE99-1E9A-BF46D97B88EE}.Release|Any CPU.ActiveCfg = Release|Any CPU
		{3AC5A225-FADB-DE99-1E9A-BF46D97B88EE}.Release|Any CPU.Build.0 = Release|Any CPU
	EndGlobalSection
	GlobalSection(SolutionProperties) = preSolution
		HideSolutionNode = FALSE
	EndGlobalSection
EndGlobal
